github.com/NubeIO/reactive v0.0.2 h1:k0JHYN9XE5VrRYtpAzKiPI4IRv3jKbqDR5J3gtJAV7Q=
github.com/NubeIO/reactive v0.0.2/go.mod h1:wbEAmNlNe+eRFHiNa+OWUsU/E8CgW6Fu/prCH3cYZak=
github.com/NubeIO/schema v0.0.1 h1:/H3g7Qex1nA6RpwrzxsyP0+qblbljmnRZaAzfXbAYXU=
github.com/NubeIO/schema v0.0.1/go.mod h1:l22AbV+69tAsjh4iIvQsaI7rzwiTQ8pHpbO16D4W1IE=
github.com/google/uuid v1.5.0 h1:1p67kYwdtXjb0gL0BPiP1Av9wiZPo5A8z2cWkTZ+eyU=
github.com/google/uuid v1.5.0/go.mod h1:TIyPZe4MgqvfeYDBFedMoGGpEw/LqOeaOT+nhxU+yHo=
