github.com/NubeIO/reactive v0.0.6 h1:sxf6ueNOQIDheZb8jYUp4bNqktZNSQtHDfCh5nMtvMs=
github.com/NubeIO/reactive v0.0.6/go.mod h1:9usqprFZPN5PfWEC9pax+djdg0fNqUyi0Tp4AXu7dp0=
github.com/NubeIO/rxlib v0.0.2 h1:zl4c/Z0hoa2MX5o19A7qCehVpiXNpD/W39m1DiG2aHE=
github.com/NubeIO/rxlib v0.0.2/go.mod h1:/t9v2NKCZNmt3gT8G09jl+90xmOJMcmTV3FL7gUMIV0=
github.com/NubeIO/schema v0.0.1 h1:/H3g7Qex1nA6RpwrzxsyP0+qblbljmnRZaAzfXbAYXU=
github.com/NubeIO/schema v0.0.1/go.mod h1:l22AbV+69tAsjh4iIvQsaI7rzwiTQ8pHpbO16D4W1IE=
github.com/google/go-cmp v0.5.6 h1:BKbKCqvP6I+rmFHt06ZmyQtvB8xAkWdhFyr0ZUNZcxQ=
github.com/google/go-cmp v0.5.6/go.mod h1:v8dTdLbMG2kIc/vJvl+f65V22dbkXbowE6jgT/gNBxE=
github.com/google/uuid v1.5.0 h1:1p67kYwdtXjb0gL0BPiP1Av9wiZPo5A8z2cWkTZ+eyU=
github.com/google/uuid v1.5.0/go.mod h1:TIyPZe4MgqvfeYDBFedMoGGpEw/LqOeaOT+nhxU+yHo=
github.com/gorilla/websocket v1.5.1 h1:gmztn0JnHVt9JZquRuzLw3g4wouNVzKL15iLr/zn/QY=
github.com/gorilla/websocket v1.5.1/go.mod h1:x3kM2JMyaluk02fnUJpQuwD2dCS5NDG2ZHL0uE0tcaY=
github.com/grid-x/modbus v0.0.0-20230713135356-d9fefd3ae5a5 h1:yrEpKpnrEPDjgmhAugQG2Og9FV6HMliPjV70NioqP3Y=
github.com/grid-x/modbus v0.0.0-20230713135356-d9fefd3ae5a5/go.mod h1:qVX2WhsI5xyAoM6I/MV1bXSKBPdLAjp7pCvieO/S0AY=
github.com/grid-x/serial v0.0.0-20191104121038-e24bc9bf6f08 h1:syBxnRYnSPUDdkdo5U4sy2roxBPQDjNiw4od7xlsABQ=
github.com/grid-x/serial v0.0.0-20191104121038-e24bc9bf6f08/go.mod h1:kdOd86/VGFWRrtkNwf1MPk0u1gIjc4Y7R2j7nhwc7Rk=
golang.org/x/net v0.19.0 h1:zTwKpTd2XuCqf8huc7Fo2iSy+4RHPd10s4KzeTnVr1c=
golang.org/x/net v0.19.0/go.mod h1:CfAk/cbD4CthTvqiEl8NpboMuiuOYsAr/7NOjZJtv1U=
golang.org/x/xerrors v0.0.0-20191204190536-9bdfabe68543/go.mod h1:I/5z698sn9Ka8TeJc9MKroUUfqBBauWjQqLJ2OPfmY0=
pgregory.net/rapid v0.4.7 h1:MTNRktPuv5FNqOO151TM9mDTa+XHcX6ypYeISDVD14g=
pgregory.net/rapid v0.4.7/go.mod h1:UYpPVyjFHzYBGHIxLFoupi8vwk6rXNzRY9OMvVxFIOU=
